
Microsoft Visual Studio Solution File, Format Version 12.00
# Visual Studio 15
VisualStudioVersion = 15.0.28307.902
MinimumVisualStudioVersion = 10.0.40219.1
Project("{FAE04EC0-301F-11D3-BF4B-00C04F79EFBC}") = "Atividade4.Infra", "Atividade4.Infra\Atividade4.Infra.csproj", "{78517CBC-5BA3-408A-9AD2-322646B2F4F8}"
EndProject
Project("{FAE04EC0-301F-11D3-BF4B-00C04F79EFBC}") = "Atividade4.Infra.Testes", "Atividade4.Infra.Testes\Atividade4.Infra.Testes.csproj", "{C400254A-7907-4922-9BD3-ACEFE3814712}"
EndProject
Project("{FAE04EC0-301F-11D3-BF4B-00C04F79EFBC}") = "Atividade04.Application", "Atividade04.Aplicacao\Atividade04.Application.csproj", "{3CA7C4D8-E11B-4775-AB64-C4332041D429}"
EndProject
Project("{FAE04EC0-301F-11D3-BF4B-00C04F79EFBC}") = "Atividade04.Domain", "Atividade04.Dominio\Atividade04.Domain.csproj", "{D7B7646F-2DD2-4F9F-9EC3-099C92FB6D3C}"
EndProject
Project("{FAE04EC0-301F-11D3-BF4B-00C04F79EFBC}") = "Atividade04.Mvc", "Atividade04.Mvc\Atividade04.Mvc.csproj", "{A603A9AA-088D-4B90-A794-8EDB880839F4}"
EndProject
Global
	GlobalSection(SolutionConfigurationPlatforms) = preSolution
		Debug|Any CPU = Debug|Any CPU
		Release|Any CPU = Release|Any CPU
	EndGlobalSection
	GlobalSection(ProjectConfigurationPlatforms) = postSolution
		{78517CBC-5BA3-408A-9AD2-322646B2F4F8}.Debug|Any CPU.ActiveCfg = Debug|Any CPU
		{78517CBC-5BA3-408A-9AD2-322646B2F4F8}.Debug|Any CPU.Build.0 = Debug|Any CPU
		{78517CBC-5BA3-408A-9AD2-322646B2F4F8}.Release|Any CPU.ActiveCfg = Release|Any CPU
		{78517CBC-5BA3-408A-9AD2-322646B2F4F8}.Release|Any CPU.Build.0 = Release|Any CPU
		{C400254A-7907-4922-9BD3-ACEFE3814712}.Debug|Any CPU.ActiveCfg = Debug|Any CPU
		{C400254A-7907-4922-9BD3-ACEFE3814712}.Debug|Any CPU.Build.0 = Debug|Any CPU
		{C400254A-7907-4922-9BD3-ACEFE3814712}.Release|Any CPU.ActiveCfg = Release|Any CPU
		{C400254A-7907-4922-9BD3-ACEFE3814712}.Release|Any CPU.Build.0 = Release|Any CPU
		{3CA7C4D8-E11B-4775-AB64-C4332041D429}.Debug|Any CPU.ActiveCfg = Debug|Any CPU
		{3CA7C4D8-E11B-4775-AB64-C4332041D429}.Debug|Any CPU.Build.0 = Debug|Any CPU
		{3CA7C4D8-E11B-4775-AB64-C4332041D429}.Release|Any CPU.ActiveCfg = Release|Any CPU
		{3CA7C4D8-E11B-4775-AB64-C4332041D429}.Release|Any CPU.Build.0 = Release|Any CPU
		{D7B7646F-2DD2-4F9F-9EC3-099C92FB6D3C}.Debug|Any CPU.ActiveCfg = Debug|Any CPU
		{D7B7646F-2DD2-4F9F-9EC3-099C92FB6D3C}.Debug|Any CPU.Build.0 = Debug|Any CPU
		{D7B7646F-2DD2-4F9F-9EC3-099C92FB6D3C}.Release|Any CPU.ActiveCfg = Release|Any CPU
		{D7B7646F-2DD2-4F9F-9EC3-099C92FB6D3C}.Release|Any CPU.Build.0 = Release|Any CPU
		{A603A9AA-088D-4B90-A794-8EDB880839F4}.Debug|Any CPU.ActiveCfg = Debug|Any CPU
		{A603A9AA-088D-4B90-A794-8EDB880839F4}.Debug|Any CPU.Build.0 = Debug|Any CPU
		{A603A9AA-088D-4B90-A794-8EDB880839F4}.Release|Any CPU.ActiveCfg = Release|Any CPU
		{A603A9AA-088D-4B90-A794-8EDB880839F4}.Release|Any CPU.Build.0 = Release|Any CPU
	EndGlobalSection
	GlobalSection(SolutionProperties) = preSolution
		HideSolutionNode = FALSE
	EndGlobalSection
	GlobalSection(ExtensibilityGlobals) = postSolution
		SolutionGuid = {24A7496D-065B-4B81-937E-9EE8A1743DC0}
	EndGlobalSection
EndGlobal
